
Microsoft Visual Studio Solution File, Format Version 12.00
# Visual Studio Version 17
VisualStudioVersion = 17.8.34330.188
MinimumVisualStudioVersion = 10.0.40219.1
Project("{9A19103F-16F7-4668-BE54-9A1E7A4F7556}") = "Delegates", "DelegatesEvents\Delegates.csproj", "{41BCE037-AE42-42BA-B2F6-A3577EDECD2D}"
EndProject
Project("{9A19103F-16F7-4668-BE54-9A1E7A4F7556}") = "Lambdas", "Events\Lambdas.csproj", "{9D8BD6A2-1B37-4B65-AA80-CC92B17CED5B}"
EndProject
Project("{9A19103F-16F7-4668-BE54-9A1E7A4F7556}") = "TryCatychExceptions", "TryCatychExceptions\TryCatychExceptions.csproj", "{55288FCA-C868-4488-9083-569BCDA21C43}"
EndProject
Project("{9A19103F-16F7-4668-BE54-9A1E7A4F7556}") = "EnumerationIterators", "EnumerationIterators\EnumerationIterators.csproj", "{438921C8-EB77-4988-ADE0-5EFA388F1DED}"
EndProject
Project("{9A19103F-16F7-4668-BE54-9A1E7A4F7556}") = "Nulls", "Nulls\Nulls.csproj", "{7F6643FA-D27A-4408-B1F5-A9E22E29C972}"
EndProject
Project("{9A19103F-16F7-4668-BE54-9A1E7A4F7556}") = "ExtensionMethNAnnonymousTypes", "ExtensionMethNAnnonymousTypes\ExtensionMethNAnnonymousTypes.csproj", "{0602B1AC-2BED-452A-9A0F-CD327EEBDB81}"
EndProject
Project("{9A19103F-16F7-4668-BE54-9A1E7A4F7556}") = "TuplesRecords", "TuplesRecords\TuplesRecords.csproj", "{C5E59B2E-C818-4DF2-8E60-0E70A76EF17F}"
EndProject
Project("{9A19103F-16F7-4668-BE54-9A1E7A4F7556}") = "PatternsNAttributes", "PatternsNAttributes\PatternsNAttributes.csproj", "{52352623-6F85-4F90-8108-D53649C21AF2}"
EndProject
Project("{9A19103F-16F7-4668-BE54-9A1E7A4F7556}") = "Encodings", "Dynamic\Encodings.csproj", "{A7CBB31C-4226-48DF-98E5-ECFD861E8CE4}"
EndProject
Project("{9A19103F-16F7-4668-BE54-9A1E7A4F7556}") = "DateTimes", "DateTimes\DateTimes.csproj", "{17EAAA46-22DE-4C84-BE74-F88892A8E3FF}"
EndProject
Project("{9A19103F-16F7-4668-BE54-9A1E7A4F7556}") = "FormattingParsing", "FormattingParsing\FormattingParsing.csproj", "{2491E970-25CE-427B-91A2-AD62ED49DCA3}"
EndProject
Project("{9A19103F-16F7-4668-BE54-9A1E7A4F7556}") = "BitOperationsEnums", "BitOperationsEnums\BitOperationsEnums.csproj", "{4F9B245A-AADA-443A-9F43-3994299A37DD}"
EndProject
Project("{9A19103F-16F7-4668-BE54-9A1E7A4F7556}") = "Equity", "Equity\Equity.csproj", "{24E2446B-AA04-4E82-93E3-C2EDC4FEC168}"
EndProject
Project("{9A19103F-16F7-4668-BE54-9A1E7A4F7556}") = "Collections", "Collections\Collections.csproj", "{28D8D6AA-B1A7-4001-83DB-042A960A74D5}"
EndProject
Project("{9A19103F-16F7-4668-BE54-9A1E7A4F7556}") = "ListQueuesStacksSets", "ListQueuesStacksSets\ListQueuesStacksSets.csproj", "{44107226-4C99-4AAD-BF05-F565C3699B80}"
EndProject
Project("{9A19103F-16F7-4668-BE54-9A1E7A4F7556}") = "Dictionaries", "Dictionaries\Dictionaries.csproj", "{352B15C7-76BE-4883-A390-DE1D097E50E4}"
EndProject
Project("{9A19103F-16F7-4668-BE54-9A1E7A4F7556}") = "ImmutableNEquality", "ImmutableNEquality\ImmutableNEquality.csproj", "{6927C44A-6B72-40A9-AEAE-A36B09362D68}"
EndProject
Project("{9A19103F-16F7-4668-BE54-9A1E7A4F7556}") = "LINQ Queries", "LINQ Queries\LINQ Queries.csproj", "{1E40B9BF-F07A-4AA6-9CF2-C1858030863C}"
EndProject
Project("{9A19103F-16F7-4668-BE54-9A1E7A4F7556}") = "LinQuueries1", "LinQuueries1\LinQuueries1.csproj", "{8FF1CEE9-11F5-41BD-B135-6004AA013C96}"
EndProject
Project("{9A19103F-16F7-4668-BE54-9A1E7A4F7556}") = "LinqXml", "LinqXml\LinqXml.csproj", "{8C7BE9AF-45A5-4198-8926-5FE33A75E7B1}"
EndProject
Project("{9A19103F-16F7-4668-BE54-9A1E7A4F7556}") = "otherXMLnJSON", "otherXMLnJSON\otherXMLnJSON.csproj", "{D6341303-7E78-464E-AE58-BD773E791A72}"
EndProject
Project("{9A19103F-16F7-4668-BE54-9A1E7A4F7556}") = "GCDisposable", "GCDisposable\GCDisposable.csproj", "{EA3D8507-E056-4BE2-A50D-B8680947C82B}"
EndProject
Project("{9A19103F-16F7-4668-BE54-9A1E7A4F7556}") = "Diagnostics", "Diagnostics\Diagnostics.csproj", "{362818D9-0043-46D9-A694-AA8478F6DE82}"
EndProject
Project("{9A19103F-16F7-4668-BE54-9A1E7A4F7556}") = "ConcurrencyAsynchrony", "ConcurrencyAsynchrony\ConcurrencyAsynchrony.csproj", "{4E152412-3CB7-44FD-B481-F77179199915}"
EndProject
Project("{9A19103F-16F7-4668-BE54-9A1E7A4F7556}") = "awaits", "awaits\awaits.csproj", "{ED9B761E-BCDF-4611-9F55-1A9B49B055E6}"
EndProject
Project("{9A19103F-16F7-4668-BE54-9A1E7A4F7556}") = "StreamsNIO", "StreamsNIO\StreamsNIO.csproj", "{3D45A403-F07C-4BCC-8E5C-D481C8FA93E3}"
EndProject
Project("{9A19103F-16F7-4668-BE54-9A1E7A4F7556}") = "Streams", "Streams\Streams.csproj", "{DFC3A683-DC35-4A22-9AA5-11BA1B9B433C}"
EndProject
Project("{FAE04EC0-301F-11D3-BF4B-00C04F79EFBC}") = "CompressionStreams", "CompressionStreams\CompressionStreams.csproj", "{A81817E2-3EF8-405D-9195-09FC46EF4B0F}"
EndProject
Global
	GlobalSection(SolutionConfigurationPlatforms) = preSolution
		Debug|Any CPU = Debug|Any CPU
		Release|Any CPU = Release|Any CPU
	EndGlobalSection
	GlobalSection(ProjectConfigurationPlatforms) = postSolution
		{41BCE037-AE42-42BA-B2F6-A3577EDECD2D}.Debug|Any CPU.ActiveCfg = Debug|Any CPU
		{41BCE037-AE42-42BA-B2F6-A3577EDECD2D}.Debug|Any CPU.Build.0 = Debug|Any CPU
		{41BCE037-AE42-42BA-B2F6-A3577EDECD2D}.Release|Any CPU.ActiveCfg = Release|Any CPU
		{41BCE037-AE42-42BA-B2F6-A3577EDECD2D}.Release|Any CPU.Build.0 = Release|Any CPU
		{9D8BD6A2-1B37-4B65-AA80-CC92B17CED5B}.Debug|Any CPU.ActiveCfg = Debug|Any CPU
		{9D8BD6A2-1B37-4B65-AA80-CC92B17CED5B}.Debug|Any CPU.Build.0 = Debug|Any CPU
		{9D8BD6A2-1B37-4B65-AA80-CC92B17CED5B}.Release|Any CPU.ActiveCfg = Release|Any CPU
		{9D8BD6A2-1B37-4B65-AA80-CC92B17CED5B}.Release|Any CPU.Build.0 = Release|Any CPU
		{55288FCA-C868-4488-9083-569BCDA21C43}.Debug|Any CPU.ActiveCfg = Debug|Any CPU
		{55288FCA-C868-4488-9083-569BCDA21C43}.Debug|Any CPU.Build.0 = Debug|Any CPU
		{55288FCA-C868-4488-9083-569BCDA21C43}.Release|Any CPU.ActiveCfg = Release|Any CPU
		{55288FCA-C868-4488-9083-569BCDA21C43}.Release|Any CPU.Build.0 = Release|Any CPU
		{438921C8-EB77-4988-ADE0-5EFA388F1DED}.Debug|Any CPU.ActiveCfg = Debug|Any CPU
		{438921C8-EB77-4988-ADE0-5EFA388F1DED}.Debug|Any CPU.Build.0 = Debug|Any CPU
		{438921C8-EB77-4988-ADE0-5EFA388F1DED}.Release|Any CPU.ActiveCfg = Release|Any CPU
		{438921C8-EB77-4988-ADE0-5EFA388F1DED}.Release|Any CPU.Build.0 = Release|Any CPU
		{7F6643FA-D27A-4408-B1F5-A9E22E29C972}.Debug|Any CPU.ActiveCfg = Debug|Any CPU
		{7F6643FA-D27A-4408-B1F5-A9E22E29C972}.Debug|Any CPU.Build.0 = Debug|Any CPU
		{7F6643FA-D27A-4408-B1F5-A9E22E29C972}.Release|Any CPU.ActiveCfg = Release|Any CPU
		{7F6643FA-D27A-4408-B1F5-A9E22E29C972}.Release|Any CPU.Build.0 = Release|Any CPU
		{0602B1AC-2BED-452A-9A0F-CD327EEBDB81}.Debug|Any CPU.ActiveCfg = Debug|Any CPU
		{0602B1AC-2BED-452A-9A0F-CD327EEBDB81}.Debug|Any CPU.Build.0 = Debug|Any CPU
		{0602B1AC-2BED-452A-9A0F-CD327EEBDB81}.Release|Any CPU.ActiveCfg = Release|Any CPU
		{0602B1AC-2BED-452A-9A0F-CD327EEBDB81}.Release|Any CPU.Build.0 = Release|Any CPU
		{C5E59B2E-C818-4DF2-8E60-0E70A76EF17F}.Debug|Any CPU.ActiveCfg = Debug|Any CPU
		{C5E59B2E-C818-4DF2-8E60-0E70A76EF17F}.Debug|Any CPU.Build.0 = Debug|Any CPU
		{C5E59B2E-C818-4DF2-8E60-0E70A76EF17F}.Release|Any CPU.ActiveCfg = Release|Any CPU
		{C5E59B2E-C818-4DF2-8E60-0E70A76EF17F}.Release|Any CPU.Build.0 = Release|Any CPU
		{52352623-6F85-4F90-8108-D53649C21AF2}.Debug|Any CPU.ActiveCfg = Debug|Any CPU
		{52352623-6F85-4F90-8108-D53649C21AF2}.Debug|Any CPU.Build.0 = Debug|Any CPU
		{52352623-6F85-4F90-8108-D53649C21AF2}.Release|Any CPU.ActiveCfg = Release|Any CPU
		{52352623-6F85-4F90-8108-D53649C21AF2}.Release|Any CPU.Build.0 = Release|Any CPU
		{A7CBB31C-4226-48DF-98E5-ECFD861E8CE4}.Debug|Any CPU.ActiveCfg = Debug|Any CPU
		{A7CBB31C-4226-48DF-98E5-ECFD861E8CE4}.Debug|Any CPU.Build.0 = Debug|Any CPU
		{A7CBB31C-4226-48DF-98E5-ECFD861E8CE4}.Release|Any CPU.ActiveCfg = Release|Any CPU
		{A7CBB31C-4226-48DF-98E5-ECFD861E8CE4}.Release|Any CPU.Build.0 = Release|Any CPU
		{17EAAA46-22DE-4C84-BE74-F88892A8E3FF}.Debug|Any CPU.ActiveCfg = Debug|Any CPU
		{17EAAA46-22DE-4C84-BE74-F88892A8E3FF}.Debug|Any CPU.Build.0 = Debug|Any CPU
		{17EAAA46-22DE-4C84-BE74-F88892A8E3FF}.Release|Any CPU.ActiveCfg = Release|Any CPU
		{17EAAA46-22DE-4C84-BE74-F88892A8E3FF}.Release|Any CPU.Build.0 = Release|Any CPU
		{2491E970-25CE-427B-91A2-AD62ED49DCA3}.Debug|Any CPU.ActiveCfg = Debug|Any CPU
		{2491E970-25CE-427B-91A2-AD62ED49DCA3}.Debug|Any CPU.Build.0 = Debug|Any CPU
		{2491E970-25CE-427B-91A2-AD62ED49DCA3}.Release|Any CPU.ActiveCfg = Release|Any CPU
		{2491E970-25CE-427B-91A2-AD62ED49DCA3}.Release|Any CPU.Build.0 = Release|Any CPU
		{4F9B245A-AADA-443A-9F43-3994299A37DD}.Debug|Any CPU.ActiveCfg = Debug|Any CPU
		{4F9B245A-AADA-443A-9F43-3994299A37DD}.Debug|Any CPU.Build.0 = Debug|Any CPU
		{4F9B245A-AADA-443A-9F43-3994299A37DD}.Release|Any CPU.ActiveCfg = Release|Any CPU
		{4F9B245A-AADA-443A-9F43-3994299A37DD}.Release|Any CPU.Build.0 = Release|Any CPU
		{24E2446B-AA04-4E82-93E3-C2EDC4FEC168}.Debug|Any CPU.ActiveCfg = Debug|Any CPU
		{24E2446B-AA04-4E82-93E3-C2EDC4FEC168}.Debug|Any CPU.Build.0 = Debug|Any CPU
		{24E2446B-AA04-4E82-93E3-C2EDC4FEC168}.Release|Any CPU.ActiveCfg = Release|Any CPU
		{24E2446B-AA04-4E82-93E3-C2EDC4FEC168}.Release|Any CPU.Build.0 = Release|Any CPU
		{28D8D6AA-B1A7-4001-83DB-042A960A74D5}.Debug|Any CPU.ActiveCfg = Debug|Any CPU
		{28D8D6AA-B1A7-4001-83DB-042A960A74D5}.Debug|Any CPU.Build.0 = Debug|Any CPU
		{28D8D6AA-B1A7-4001-83DB-042A960A74D5}.Release|Any CPU.ActiveCfg = Release|Any CPU
		{28D8D6AA-B1A7-4001-83DB-042A960A74D5}.Release|Any CPU.Build.0 = Release|Any CPU
		{44107226-4C99-4AAD-BF05-F565C3699B80}.Debug|Any CPU.ActiveCfg = Debug|Any CPU
		{44107226-4C99-4AAD-BF05-F565C3699B80}.Debug|Any CPU.Build.0 = Debug|Any CPU
		{44107226-4C99-4AAD-BF05-F565C3699B80}.Release|Any CPU.ActiveCfg = Release|Any CPU
		{44107226-4C99-4AAD-BF05-F565C3699B80}.Release|Any CPU.Build.0 = Release|Any CPU
		{352B15C7-76BE-4883-A390-DE1D097E50E4}.Debug|Any CPU.ActiveCfg = Debug|Any CPU
		{352B15C7-76BE-4883-A390-DE1D097E50E4}.Debug|Any CPU.Build.0 = Debug|Any CPU
		{352B15C7-76BE-4883-A390-DE1D097E50E4}.Release|Any CPU.ActiveCfg = Release|Any CPU
		{352B15C7-76BE-4883-A390-DE1D097E50E4}.Release|Any CPU.Build.0 = Release|Any CPU
		{6927C44A-6B72-40A9-AEAE-A36B09362D68}.Debug|Any CPU.ActiveCfg = Debug|Any CPU
		{6927C44A-6B72-40A9-AEAE-A36B09362D68}.Debug|Any CPU.Build.0 = Debug|Any CPU
		{6927C44A-6B72-40A9-AEAE-A36B09362D68}.Release|Any CPU.ActiveCfg = Release|Any CPU
		{6927C44A-6B72-40A9-AEAE-A36B09362D68}.Release|Any CPU.Build.0 = Release|Any CPU
		{1E40B9BF-F07A-4AA6-9CF2-C1858030863C}.Debug|Any CPU.ActiveCfg = Debug|Any CPU
		{1E40B9BF-F07A-4AA6-9CF2-C1858030863C}.Debug|Any CPU.Build.0 = Debug|Any CPU
		{1E40B9BF-F07A-4AA6-9CF2-C1858030863C}.Release|Any CPU.ActiveCfg = Release|Any CPU
		{1E40B9BF-F07A-4AA6-9CF2-C1858030863C}.Release|Any CPU.Build.0 = Release|Any CPU
		{8FF1CEE9-11F5-41BD-B135-6004AA013C96}.Debug|Any CPU.ActiveCfg = Debug|Any CPU
		{8FF1CEE9-11F5-41BD-B135-6004AA013C96}.Debug|Any CPU.Build.0 = Debug|Any CPU
		{8FF1CEE9-11F5-41BD-B135-6004AA013C96}.Release|Any CPU.ActiveCfg = Release|Any CPU
		{8FF1CEE9-11F5-41BD-B135-6004AA013C96}.Release|Any CPU.Build.0 = Release|Any CPU
		{8C7BE9AF-45A5-4198-8926-5FE33A75E7B1}.Debug|Any CPU.ActiveCfg = Debug|Any CPU
		{8C7BE9AF-45A5-4198-8926-5FE33A75E7B1}.Debug|Any CPU.Build.0 = Debug|Any CPU
		{8C7BE9AF-45A5-4198-8926-5FE33A75E7B1}.Release|Any CPU.ActiveCfg = Release|Any CPU
		{8C7BE9AF-45A5-4198-8926-5FE33A75E7B1}.Release|Any CPU.Build.0 = Release|Any CPU
		{D6341303-7E78-464E-AE58-BD773E791A72}.Debug|Any CPU.ActiveCfg = Debug|Any CPU
		{D6341303-7E78-464E-AE58-BD773E791A72}.Debug|Any CPU.Build.0 = Debug|Any CPU
		{D6341303-7E78-464E-AE58-BD773E791A72}.Release|Any CPU.ActiveCfg = Release|Any CPU
		{D6341303-7E78-464E-AE58-BD773E791A72}.Release|Any CPU.Build.0 = Release|Any CPU
		{EA3D8507-E056-4BE2-A50D-B8680947C82B}.Debug|Any CPU.ActiveCfg = Debug|Any CPU
		{EA3D8507-E056-4BE2-A50D-B8680947C82B}.Debug|Any CPU.Build.0 = Debug|Any CPU
		{EA3D8507-E056-4BE2-A50D-B8680947C82B}.Release|Any CPU.ActiveCfg = Release|Any CPU
		{EA3D8507-E056-4BE2-A50D-B8680947C82B}.Release|Any CPU.Build.0 = Release|Any CPU
		{362818D9-0043-46D9-A694-AA8478F6DE82}.Debug|Any CPU.ActiveCfg = Debug|Any CPU
		{362818D9-0043-46D9-A694-AA8478F6DE82}.Debug|Any CPU.Build.0 = Debug|Any CPU
		{362818D9-0043-46D9-A694-AA8478F6DE82}.Release|Any CPU.ActiveCfg = Release|Any CPU
		{362818D9-0043-46D9-A694-AA8478F6DE82}.Release|Any CPU.Build.0 = Release|Any CPU
		{4E152412-3CB7-44FD-B481-F77179199915}.Debug|Any CPU.ActiveCfg = Debug|Any CPU
		{4E152412-3CB7-44FD-B481-F77179199915}.Debug|Any CPU.Build.0 = Debug|Any CPU
		{4E152412-3CB7-44FD-B481-F77179199915}.Release|Any CPU.ActiveCfg = Release|Any CPU
		{4E152412-3CB7-44FD-B481-F77179199915}.Release|Any CPU.Build.0 = Release|Any CPU
		{ED9B761E-BCDF-4611-9F55-1A9B49B055E6}.Debug|Any CPU.ActiveCfg = Debug|Any CPU
		{ED9B761E-BCDF-4611-9F55-1A9B49B055E6}.Debug|Any CPU.Build.0 = Debug|Any CPU
		{ED9B761E-BCDF-4611-9F55-1A9B49B055E6}.Release|Any CPU.ActiveCfg = Release|Any CPU
		{ED9B761E-BCDF-4611-9F55-1A9B49B055E6}.Release|Any CPU.Build.0 = Release|Any CPU
		{3D45A403-F07C-4BCC-8E5C-D481C8FA93E3}.Debug|Any CPU.ActiveCfg = Debug|Any CPU
		{3D45A403-F07C-4BCC-8E5C-D481C8FA93E3}.Debug|Any CPU.Build.0 = Debug|Any CPU
		{3D45A403-F07C-4BCC-8E5C-D481C8FA93E3}.Release|Any CPU.ActiveCfg = Release|Any CPU
		{3D45A403-F07C-4BCC-8E5C-D481C8FA93E3}.Release|Any CPU.Build.0 = Release|Any CPU
		{DFC3A683-DC35-4A22-9AA5-11BA1B9B433C}.Debug|Any CPU.ActiveCfg = Debug|Any CPU
		{DFC3A683-DC35-4A22-9AA5-11BA1B9B433C}.Debug|Any CPU.Build.0 = Debug|Any CPU
		{DFC3A683-DC35-4A22-9AA5-11BA1B9B433C}.Release|Any CPU.ActiveCfg = Release|Any CPU
		{DFC3A683-DC35-4A22-9AA5-11BA1B9B433C}.Release|Any CPU.Build.0 = Release|Any CPU
		{A81817E2-3EF8-405D-9195-09FC46EF4B0F}.Debug|Any CPU.ActiveCfg = Debug|Any CPU
		{A81817E2-3EF8-405D-9195-09FC46EF4B0F}.Debug|Any CPU.Build.0 = Debug|Any CPU
		{A81817E2-3EF8-405D-9195-09FC46EF4B0F}.Release|Any CPU.ActiveCfg = Release|Any CPU
		{A81817E2-3EF8-405D-9195-09FC46EF4B0F}.Release|Any CPU.Build.0 = Release|Any CPU
	EndGlobalSection
	GlobalSection(SolutionProperties) = preSolution
		HideSolutionNode = FALSE
	EndGlobalSection
	GlobalSection(ExtensibilityGlobals) = postSolution
		SolutionGuid = {E421B9A0-1B49-4016-96CF-17747ADB144E}
	EndGlobalSection
EndGlobal
